// !$*UTF8*$!
{
	archiveVersion = 1;
	classes = {
	};
	objectVersion = 56;
	objects = {

/* Begin PBXFileReference section */
		3D89A7F72BD65C4300F7C288 /* Prog1.php */ = {isa = PBXFileReference; lastKnownFileType = text.script.php; path = Prog1.php; sourceTree = "<group>"; };
		3D89A7F82BD65DCA00F7C288 /* Prog2.php */ = {isa = PBXFileReference; lastKnownFileType = text.script.php; path = Prog2.php; sourceTree = "<group>"; };
		3D89A7F92BD65E4100F7C288 /* Prog3.php */ = {isa = PBXFileReference; lastKnownFileType = text.script.php; path = Prog3.php; sourceTree = "<group>"; };
		3D89A7FA2BD65E7900F7C288 /* Prog4.php */ = {isa = PBXFileReference; lastKnownFileType = text.script.php; path = Prog4.php; sourceTree = "<group>"; };
		3D89A7FB2BD65EAB00F7C288 /* Prog5.php */ = {isa = PBXFileReference; lastKnownFileType = text.script.php; path = Prog5.php; sourceTree = "<group>"; };
		3D89DDB42BD6E843006880E9 /* Prog6.php */ = {isa = PBXFileReference; lastKnownFileType = text.script.php; path = Prog6.php; sourceTree = "<group>"; };
		3D89DDB52BD6E936006880E9 /* Prog7.php */ = {isa = PBXFileReference; lastKnownFileType = text.script.php; path = Prog7.php; sourceTree = "<group>"; };
		3D89DDB62BD6E992006880E9 /* Prog8.php */ = {isa = PBXFileReference; lastKnownFileType = text.script.php; path = Prog8.php; sourceTree = "<group>"; };
		3D89DDB72BD6EA09006880E9 /* Prog9.php */ = {isa = PBXFileReference; lastKnownFileType = text.script.php; path = Prog9.php; sourceTree = "<group>"; };
/* End PBXFileReference section */

/* Begin PBXGroup section */
		3D89A7F02BD65C1600F7C288 = {
			isa = PBXGroup;
			children = (
				3D89A7F72BD65C4300F7C288 /* Prog1.php */,
				3D89A7F82BD65DCA00F7C288 /* Prog2.php */,
				3D89A7F92BD65E4100F7C288 /* Prog3.php */,
				3D89A7FA2BD65E7900F7C288 /* Prog4.php */,
				3D89A7FB2BD65EAB00F7C288 /* Prog5.php */,
				3D89DDB42BD6E843006880E9 /* Prog6.php */,
				3D89DDB52BD6E936006880E9 /* Prog7.php */,
				3D89DDB62BD6E992006880E9 /* Prog8.php */,
				3D89DDB72BD6EA09006880E9 /* Prog9.php */,
			);
			sourceTree = "<group>";
		};
/* End PBXGroup section */

/* Begin PBXProject section */
		3D89A7F12BD65C1600F7C288 /* Project object */ = {
			isa = PBXProject;
			attributes = {
				BuildIndependentTargetsInParallel = 1;
				LastUpgradeCheck = 1530;
			};
			buildConfigurationList = 3D89A7F42BD65C1600F7C288 /* Build configuration list for PBXProject "PHP" */;
			compatibilityVersion = "Xcode 14.0";
			developmentRegion = en;
			hasScannedForEncodings = 0;
			knownRegions = (
				en,
				Base,
			);
			mainGroup = 3D89A7F02BD65C1600F7C288;
			projectDirPath = "";
			projectRoot = "";
			targets = (
			);
		};
/* End PBXProject section */

/* Begin XCBuildConfiguration section */
		3D89A7F52BD65C1600F7C288 /* Debug */ = {
			isa = XCBuildConfiguration;
			buildSettings = {
			};
			name = Debug;
		};
		3D89A7F62BD65C1600F7C288 /* Release */ = {
			isa = XCBuildConfiguration;
			buildSettings = {
			};
			name = Release;
		};
/* End XCBuildConfiguration section */

/* Begin XCConfigurationList section */
		3D89A7F42BD65C1600F7C288 /* Build configuration list for PBXProject "PHP" */ = {
			isa = XCConfigurationList;
			buildConfigurations = (
				3D89A7F52BD65C1600F7C288 /* Debug */,
				3D89A7F62BD65C1600F7C288 /* Release */,
			);
			defaultConfigurationIsVisible = 0;
			defaultConfigurationName = Release;
		};
/* End XCConfigurationList section */
	};
	rootObject = 3D89A7F12BD65C1600F7C288 /* Project object */;
}
