// !$*UTF8*$!
{
	archiveVersion = 1;
	classes = {
	};
	objectVersion = 56;
	objects = {

/* Begin PBXGroup section */
		3D89A7F02BD65C1600F7C288 = {
			isa = PBXGroup;
			children = (
			);
			sourceTree = "<group>";
		};
/* End PBXGroup section */

/* Begin PBXProject section */
		3D89A7F12BD65C1600F7C288 /* Project object */ = {
			isa = PBXProject;
			attributes = {
				BuildIndependentTargetsInParallel = 1;
				LastUpgradeCheck = 1530;
			};
			buildConfigurationList = 3D89A7F42BD65C1600F7C288 /* Build configuration list for PBXProject "PHP" */;
			compatibilityVersion = "Xcode 14.0";
			developmentRegion = en;
			hasScannedForEncodings = 0;
			knownRegions = (
				en,
				Base,
			);
			mainGroup = 3D89A7F02BD65C1600F7C288;
			projectDirPath = "";
			projectRoot = "";
			targets = (
			);
		};
/* End PBXProject section */

/* Begin XCBuildConfiguration section */
		3D89A7F52BD65C1600F7C288 /* Debug */ = {
			isa = XCBuildConfiguration;
			buildSettings = {
			};
			name = Debug;
		};
		3D89A7F62BD65C1600F7C288 /* Release */ = {
			isa = XCBuildConfiguration;
			buildSettings = {
			};
			name = Release;
		};
/* End XCBuildConfiguration section */

/* Begin XCConfigurationList section */
		3D89A7F42BD65C1600F7C288 /* Build configuration list for PBXProject "PHP" */ = {
			isa = XCConfigurationList;
			buildConfigurations = (
				3D89A7F52BD65C1600F7C288 /* Debug */,
				3D89A7F62BD65C1600F7C288 /* Release */,
			);
			defaultConfigurationIsVisible = 0;
			defaultConfigurationName = Release;
		};
/* End XCConfigurationList section */
	};
	rootObject = 3D89A7F12BD65C1600F7C288 /* Project object */;
}
